
Microsoft Visual Studio Solution File, Format Version 12.00
# Visual Studio 14
VisualStudioVersion = 14.0.22823.1
MinimumVisualStudioVersion = 10.0.40219.1
Project("{FAE04EC0-301F-11D3-BF4B-00C04F79EFBC}") = "Bezysoftware.Navigation.BackButton", "Bezysoftware.Navigation.BackButton\Bezysoftware.Navigation.BackButton.csproj", "{6316D947-DFB7-4117-B1B0-E1B934821539}"
EndProject
Project("{FAE04EC0-301F-11D3-BF4B-00C04F79EFBC}") = "Bezysoftware.Navigation.BackButton.Sample", "Bezysoftware.Navigation.BackButton.Sample\Bezysoftware.Navigation.BackButton.Sample.csproj", "{48858577-4F1A-476A-AA51-9A38AD46A8FF}"
EndProject
Global
	GlobalSection(SolutionConfigurationPlatforms) = preSolution
		Debug|Any CPU = Debug|Any CPU
		Debug|ARM = Debug|ARM
		Debug|x64 = Debug|x64
		Debug|x86 = Debug|x86
		Release|Any CPU = Release|Any CPU
		Release|ARM = Release|ARM
		Release|x64 = Release|x64
		Release|x86 = Release|x86
	EndGlobalSection
	GlobalSection(ProjectConfigurationPlatforms) = postSolution
		{6316D947-DFB7-4117-B1B0-E1B934821539}.Debug|Any CPU.ActiveCfg = Debug|Any CPU
		{6316D947-DFB7-4117-B1B0-E1B934821539}.Debug|Any CPU.Build.0 = Debug|Any CPU
		{6316D947-DFB7-4117-B1B0-E1B934821539}.Debug|ARM.ActiveCfg = Debug|ARM
		{6316D947-DFB7-4117-B1B0-E1B934821539}.Debug|ARM.Build.0 = Debug|ARM
		{6316D947-DFB7-4117-B1B0-E1B934821539}.Debug|x64.ActiveCfg = Debug|x64
		{6316D947-DFB7-4117-B1B0-E1B934821539}.Debug|x64.Build.0 = Debug|x64
		{6316D947-DFB7-4117-B1B0-E1B934821539}.Debug|x86.ActiveCfg = Debug|x86
		{6316D947-DFB7-4117-B1B0-E1B934821539}.Debug|x86.Build.0 = Debug|x86
		{6316D947-DFB7-4117-B1B0-E1B934821539}.Release|Any CPU.ActiveCfg = Release|Any CPU
		{6316D947-DFB7-4117-B1B0-E1B934821539}.Release|Any CPU.Build.0 = Release|Any CPU
		{6316D947-DFB7-4117-B1B0-E1B934821539}.Release|ARM.ActiveCfg = Release|ARM
		{6316D947-DFB7-4117-B1B0-E1B934821539}.Release|ARM.Build.0 = Release|ARM
		{6316D947-DFB7-4117-B1B0-E1B934821539}.Release|x64.ActiveCfg = Release|x64
		{6316D947-DFB7-4117-B1B0-E1B934821539}.Release|x64.Build.0 = Release|x64
		{6316D947-DFB7-4117-B1B0-E1B934821539}.Release|x86.ActiveCfg = Release|x86
		{6316D947-DFB7-4117-B1B0-E1B934821539}.Release|x86.Build.0 = Release|x86
		{48858577-4F1A-476A-AA51-9A38AD46A8FF}.Debug|Any CPU.ActiveCfg = Debug|x86
		{48858577-4F1A-476A-AA51-9A38AD46A8FF}.Debug|Any CPU.Build.0 = Debug|x86
		{48858577-4F1A-476A-AA51-9A38AD46A8FF}.Debug|Any CPU.Deploy.0 = Debug|x86
		{48858577-4F1A-476A-AA51-9A38AD46A8FF}.Debug|ARM.ActiveCfg = Debug|ARM
		{48858577-4F1A-476A-AA51-9A38AD46A8FF}.Debug|ARM.Build.0 = Debug|ARM
		{48858577-4F1A-476A-AA51-9A38AD46A8FF}.Debug|ARM.Deploy.0 = Debug|ARM
		{48858577-4F1A-476A-AA51-9A38AD46A8FF}.Debug|x64.ActiveCfg = Debug|x64
		{48858577-4F1A-476A-AA51-9A38AD46A8FF}.Debug|x64.Build.0 = Debug|x64
		{48858577-4F1A-476A-AA51-9A38AD46A8FF}.Debug|x64.Deploy.0 = Debug|x64
		{48858577-4F1A-476A-AA51-9A38AD46A8FF}.Debug|x86.ActiveCfg = Debug|x86
		{48858577-4F1A-476A-AA51-9A38AD46A8FF}.Debug|x86.Build.0 = Debug|x86
		{48858577-4F1A-476A-AA51-9A38AD46A8FF}.Debug|x86.Deploy.0 = Debug|x86
		{48858577-4F1A-476A-AA51-9A38AD46A8FF}.Release|Any CPU.ActiveCfg = Release|x86
		{48858577-4F1A-476A-AA51-9A38AD46A8FF}.Release|Any CPU.Build.0 = Release|x86
		{48858577-4F1A-476A-AA51-9A38AD46A8FF}.Release|Any CPU.Deploy.0 = Release|x86
		{48858577-4F1A-476A-AA51-9A38AD46A8FF}.Release|ARM.ActiveCfg = Release|ARM
		{48858577-4F1A-476A-AA51-9A38AD46A8FF}.Release|ARM.Build.0 = Release|ARM
		{48858577-4F1A-476A-AA51-9A38AD46A8FF}.Release|ARM.Deploy.0 = Release|ARM
		{48858577-4F1A-476A-AA51-9A38AD46A8FF}.Release|x64.ActiveCfg = Release|x64
		{48858577-4F1A-476A-AA51-9A38AD46A8FF}.Release|x64.Build.0 = Release|x64
		{48858577-4F1A-476A-AA51-9A38AD46A8FF}.Release|x64.Deploy.0 = Release|x64
		{48858577-4F1A-476A-AA51-9A38AD46A8FF}.Release|x86.ActiveCfg = Release|x86
		{48858577-4F1A-476A-AA51-9A38AD46A8FF}.Release|x86.Build.0 = Release|x86
		{48858577-4F1A-476A-AA51-9A38AD46A8FF}.Release|x86.Deploy.0 = Release|x86
	EndGlobalSection
	GlobalSection(SolutionProperties) = preSolution
		HideSolutionNode = FALSE
	EndGlobalSection
EndGlobal
